
Microsoft Visual Studio Solution File, Format Version 12.00
# Visual Studio 2013
Project("{FAE04EC0-301F-11D3-BF4B-00C04F79EFBC}") = "UnityVS._.CSharp", "UnityVS._.CSharp.csproj", "{84953DDF-9814-DF9B-ED0E-3085EF700ECE}"
EndProject
Global
	GlobalSection(SolutionConfigurationPlatforms) = preSolution
		Debug|Any CPU = Debug|Any CPU
		Release|Any CPU = Release|Any CPU
	EndGlobalSection
	GlobalSection(ProjectConfigurationPlatforms) = postSolution
		{84953DDF-9814-DF9B-ED0E-3085EF700ECE}.Debug|Any CPU.ActiveCfg = Debug|Any CPU
		{84953DDF-9814-DF9B-ED0E-3085EF700ECE}.Debug|Any CPU.Build.0 = Debug|Any CPU
		{84953DDF-9814-DF9B-ED0E-3085EF700ECE}.Release|Any CPU.ActiveCfg = Release|Any CPU
		{84953DDF-9814-DF9B-ED0E-3085EF700ECE}.Release|Any CPU.Build.0 = Release|Any CPU
	EndGlobalSection
	GlobalSection(SolutionProperties) = preSolution
		HideSolutionNode = FALSE
	EndGlobalSection
EndGlobal
